
Microsoft Visual Studio Solution File, Format Version 12.00
# Visual Studio Version 17
VisualStudioVersion = 17.6.33829.357
MinimumVisualStudioVersion = 10.0.40219.1
Project("{FAE04EC0-301F-11D3-BF4B-00C04F79EFBC}") = "ApplicationDePriere", "ApplicationDePriere\ApplicationDePriere.csproj", "{B1DCD087-C686-4592-8508-13B420A14326}"
EndProject
Global
	GlobalSection(SolutionConfigurationPlatforms) = preSolution
		Debug|Any CPU = Debug|Any CPU
		Release|Any CPU = Release|Any CPU
	EndGlobalSection
	GlobalSection(ProjectConfigurationPlatforms) = postSolution
		{B1DCD087-C686-4592-8508-13B420A14326}.Debug|Any CPU.ActiveCfg = Debug|Any CPU
		{B1DCD087-C686-4592-8508-13B420A14326}.Debug|Any CPU.Build.0 = Debug|Any CPU
		{B1DCD087-C686-4592-8508-13B420A14326}.Release|Any CPU.ActiveCfg = Release|Any CPU
		{B1DCD087-C686-4592-8508-13B420A14326}.Release|Any CPU.Build.0 = Release|Any CPU
	EndGlobalSection
	GlobalSection(SolutionProperties) = preSolution
		HideSolutionNode = FALSE
	EndGlobalSection
	GlobalSection(ExtensibilityGlobals) = postSolution
		SolutionGuid = {D8120820-60B7-437E-A1B4-C363B44B4CC3}
	EndGlobalSection
EndGlobal
